
Microsoft Visual Studio Solution File, Format Version 12.00
# Visual Studio 15
Project("{FAE04EC0-301F-11D3-BF4B-00C04F79EFBC}") = "Assembly-CSharp", "Assembly-CSharp.csproj", "{7517291F-A3E5-ACBF-30CF-83466D0CCC7A}"
EndProject
Project("{FAE04EC0-301F-11D3-BF4B-00C04F79EFBC}") = "Assembly-CSharp-Editor", "Assembly-CSharp-Editor.csproj", "{7518BFFE-5D49-0021-6399-83DAEFA4B295}"
EndProject
Global
	GlobalSection(SolutionConfigurationPlatforms) = preSolution
		Debug|Any CPU = Debug|Any CPU
		Release|Any CPU = Release|Any CPU
	EndGlobalSection
	GlobalSection(ProjectConfigurationPlatforms) = postSolution
		{7517291F-A3E5-ACBF-30CF-83466D0CCC7A}.Debug|Any CPU.ActiveCfg = Debug|Any CPU
		{7517291F-A3E5-ACBF-30CF-83466D0CCC7A}.Debug|Any CPU.Build.0 = Debug|Any CPU
		{7517291F-A3E5-ACBF-30CF-83466D0CCC7A}.Release|Any CPU.ActiveCfg = Release|Any CPU
		{7517291F-A3E5-ACBF-30CF-83466D0CCC7A}.Release|Any CPU.Build.0 = Release|Any CPU
		{7518BFFE-5D49-0021-6399-83DAEFA4B295}.Debug|Any CPU.ActiveCfg = Debug|Any CPU
		{7518BFFE-5D49-0021-6399-83DAEFA4B295}.Debug|Any CPU.Build.0 = Debug|Any CPU
		{7518BFFE-5D49-0021-6399-83DAEFA4B295}.Release|Any CPU.ActiveCfg = Release|Any CPU
		{7518BFFE-5D49-0021-6399-83DAEFA4B295}.Release|Any CPU.Build.0 = Release|Any CPU
	EndGlobalSection
	GlobalSection(SolutionProperties) = preSolution
		HideSolutionNode = FALSE
	EndGlobalSection
EndGlobal
